
Microsoft Visual Studio Solution File, Format Version 12.00
# Visual Studio 2013
VisualStudioVersion = 12.0.30501.0
MinimumVisualStudioVersion = 10.0.40219.1
Project("{FAE04EC0-301F-11D3-BF4B-00C04F79EFBC}") = "MyChat", "MyChat\MyChat.csproj", "{4D88751A-467D-4D51-A895-C8EA022FC0AB}"
EndProject
Project("{2150E333-8FDC-42A3-9474-1A3956D46DE8}") = ".nuget", ".nuget", "{3F869247-299B-4973-AB9A-6BA0144BE3FB}"
	ProjectSection(SolutionItems) = preProject
		.nuget\NuGet.Config = .nuget\NuGet.Config
		.nuget\NuGet.exe = .nuget\NuGet.exe
		.nuget\NuGet.targets = .nuget\NuGet.targets
	EndProjectSection
EndProject
Project("{2150E333-8FDC-42A3-9474-1A3956D46DE8}") = "Database", "Database", "{55208BF8-F59B-4A9C-8715-30AED4042CEA}"
	ProjectSection(SolutionItems) = preProject
		Database\MyChat.sql = Database\MyChat.sql
	EndProjectSection
EndProject
Project("{FAE04EC0-301F-11D3-BF4B-00C04F79EFBC}") = "MyChat.DataAccess", "MyChat.DataAccess\MyChat.DataAccess.csproj", "{8EC45C4C-B9CE-4E6E-9BA6-FDF816034366}"
EndProject
Project("{FAE04EC0-301F-11D3-BF4B-00C04F79EFBC}") = "MyChat.Model", "MyChat.Model\MyChat.Model.csproj", "{56361AF0-B509-4C15-912A-A36295F22AEA}"
EndProject
Project("{FAE04EC0-301F-11D3-BF4B-00C04F79EFBC}") = "MyChat.Client", "MyChat.Client\MyChat.Client.csproj", "{A4021976-286A-47C0-A2D6-B6F8E7CCA8FE}"
EndProject
Global
	GlobalSection(SolutionConfigurationPlatforms) = preSolution
		Debug|Any CPU = Debug|Any CPU
		Release|Any CPU = Release|Any CPU
	EndGlobalSection
	GlobalSection(ProjectConfigurationPlatforms) = postSolution
		{4D88751A-467D-4D51-A895-C8EA022FC0AB}.Debug|Any CPU.ActiveCfg = Debug|Any CPU
		{4D88751A-467D-4D51-A895-C8EA022FC0AB}.Debug|Any CPU.Build.0 = Debug|Any CPU
		{4D88751A-467D-4D51-A895-C8EA022FC0AB}.Release|Any CPU.ActiveCfg = Release|Any CPU
		{4D88751A-467D-4D51-A895-C8EA022FC0AB}.Release|Any CPU.Build.0 = Release|Any CPU
		{8EC45C4C-B9CE-4E6E-9BA6-FDF816034366}.Debug|Any CPU.ActiveCfg = Debug|Any CPU
		{8EC45C4C-B9CE-4E6E-9BA6-FDF816034366}.Debug|Any CPU.Build.0 = Debug|Any CPU
		{8EC45C4C-B9CE-4E6E-9BA6-FDF816034366}.Release|Any CPU.ActiveCfg = Release|Any CPU
		{8EC45C4C-B9CE-4E6E-9BA6-FDF816034366}.Release|Any CPU.Build.0 = Release|Any CPU
		{56361AF0-B509-4C15-912A-A36295F22AEA}.Debug|Any CPU.ActiveCfg = Debug|Any CPU
		{56361AF0-B509-4C15-912A-A36295F22AEA}.Debug|Any CPU.Build.0 = Debug|Any CPU
		{56361AF0-B509-4C15-912A-A36295F22AEA}.Release|Any CPU.ActiveCfg = Release|Any CPU
		{56361AF0-B509-4C15-912A-A36295F22AEA}.Release|Any CPU.Build.0 = Release|Any CPU
		{A4021976-286A-47C0-A2D6-B6F8E7CCA8FE}.Debug|Any CPU.ActiveCfg = Debug|Any CPU
		{A4021976-286A-47C0-A2D6-B6F8E7CCA8FE}.Debug|Any CPU.Build.0 = Debug|Any CPU
		{A4021976-286A-47C0-A2D6-B6F8E7CCA8FE}.Release|Any CPU.ActiveCfg = Release|Any CPU
		{A4021976-286A-47C0-A2D6-B6F8E7CCA8FE}.Release|Any CPU.Build.0 = Release|Any CPU
	EndGlobalSection
	GlobalSection(SolutionProperties) = preSolution
		HideSolutionNode = FALSE
	EndGlobalSection
EndGlobal
